# THIS IS AN AUTOGENERATED FILE. DO NOT EDIT THIS FILE DIRECTLY.
# yarn lockfile v1


lodash@^4.17.4:
  version "4.17.4"
  resolved "https://registry.yarnpkg.com/lodash/-/lodash-4.17.4.tgz#78203a4d1c328ae1d86dca6460e369b57f4055ae"

react-native-sglistview@^0.3.10:
  version "0.3.10"
  resolved "https://registry.yarnpkg.com/react-native-sglistview/-/react-native-sglistview-0.3.10.tgz#2b1e823bab8ea1839ad01a56e69fa50d8b2234ad"
